
Microsoft Visual Studio Solution File, Format Version 12.00
# Visual Studio Version 17
VisualStudioVersion = 17.0.31903.59
MinimumVisualStudioVersion = 10.0.40219.1
Project("{2150E333-8FDC-42A3-9474-1A3956D46DE8}") = "src", "src", "{7D9321BA-7B6F-4FFE-80E8-041A962C0C76}"
EndProject
Project("{FAE04EC0-301F-11D3-BF4B-00C04F79EFBC}") = "Emma.Server", "src\Emma.Server\Emma.Server.csproj", "{BBD511AD-FC85-4023-A3E3-8E1E4E598934}"
EndProject
Project("{FAE04EC0-301F-11D3-BF4B-00C04F79EFBC}") = "Emma.Domain", "src\Emma.Domain\Emma.Domain.csproj", "{72F51364-4D13-4FDB-ACE4-900569BEC030}"
EndProject
Project("{FAE04EC0-301F-11D3-BF4B-00C04F79EFBC}") = "Emma.Application", "src\Emma.Application\Emma.Application.csproj", "{0B906400-41E0-4737-AACF-36808C35FCEA}"
EndProject
Project("{FAE04EC0-301F-11D3-BF4B-00C04F79EFBC}") = "Emma.Infrastructure", "src\Emma.Infrastructure\Emma.Infrastructure.csproj", "{65436D00-190A-4E63-A308-50805F295E4A}"
EndProject
Project("{FAE04EC0-301F-11D3-BF4B-00C04F79EFBC}") = "Emma.Integrations.Shared", "src\Emma.Integrations.Shared\Emma.Integrations.Shared.csproj", "{28654443-EAB2-4EAB-8625-F0A473F35600}"
EndProject
Project("{2150E333-8FDC-42A3-9474-1A3956D46DE8}") = "integrations", "integrations", "{857EBC2A-8A73-4C09-8DED-D35E8C45B007}"
EndProject
Project("{FAE04EC0-301F-11D3-BF4B-00C04F79EFBC}") = "Emma.Integrations.Shelly", "src\integrations\Emma.Integrations.Shelly\Emma.Integrations.Shelly.csproj", "{4CA29FC3-D5E0-450B-9501-2938FA4038BE}"
EndProject
Project("{FAE04EC0-301F-11D3-BF4B-00C04F79EFBC}") = "Emma.Application.Shared", "src\Emma.Application.Shared\Emma.Application.Shared.csproj", "{67D9A4F1-69C0-47B5-A167-B8715D659F62}"
EndProject
Project("{2150E333-8FDC-42A3-9474-1A3956D46DE8}") = "devops", "devops", "{3CBB4CCB-3FA5-4E9E-9B67-89807395D930}"
EndProject
Project("{FAE04EC0-301F-11D3-BF4B-00C04F79EFBC}") = "Emma.DevOps", "devops\Emma.DevOps\Emma.DevOps.csproj", "{B045102D-E580-4394-8B0A-59E0850A7961}"
EndProject
Project("{2150E333-8FDC-42A3-9474-1A3956D46DE8}") = "build", "build", "{9337F8AA-A977-4FE5-B541-04BE071BCDCF}"
EndProject
Project("{FAE04EC0-301F-11D3-BF4B-00C04F79EFBC}") = "Emma.Build", "build\Emma.Build.csproj", "{E3D707A9-4517-4892-A9F1-6B049D4B5E00}"
EndProject
Global
	GlobalSection(SolutionConfigurationPlatforms) = preSolution
		Debug|Any CPU = Debug|Any CPU
		Release|Any CPU = Release|Any CPU
	EndGlobalSection
	GlobalSection(ProjectConfigurationPlatforms) = postSolution
		{BBD511AD-FC85-4023-A3E3-8E1E4E598934}.Debug|Any CPU.ActiveCfg = Debug|Any CPU
		{BBD511AD-FC85-4023-A3E3-8E1E4E598934}.Debug|Any CPU.Build.0 = Debug|Any CPU
		{BBD511AD-FC85-4023-A3E3-8E1E4E598934}.Release|Any CPU.ActiveCfg = Release|Any CPU
		{BBD511AD-FC85-4023-A3E3-8E1E4E598934}.Release|Any CPU.Build.0 = Release|Any CPU
		{72F51364-4D13-4FDB-ACE4-900569BEC030}.Debug|Any CPU.ActiveCfg = Debug|Any CPU
		{72F51364-4D13-4FDB-ACE4-900569BEC030}.Debug|Any CPU.Build.0 = Debug|Any CPU
		{72F51364-4D13-4FDB-ACE4-900569BEC030}.Release|Any CPU.ActiveCfg = Release|Any CPU
		{72F51364-4D13-4FDB-ACE4-900569BEC030}.Release|Any CPU.Build.0 = Release|Any CPU
		{0B906400-41E0-4737-AACF-36808C35FCEA}.Debug|Any CPU.ActiveCfg = Debug|Any CPU
		{0B906400-41E0-4737-AACF-36808C35FCEA}.Debug|Any CPU.Build.0 = Debug|Any CPU
		{0B906400-41E0-4737-AACF-36808C35FCEA}.Release|Any CPU.ActiveCfg = Release|Any CPU
		{0B906400-41E0-4737-AACF-36808C35FCEA}.Release|Any CPU.Build.0 = Release|Any CPU
		{65436D00-190A-4E63-A308-50805F295E4A}.Debug|Any CPU.ActiveCfg = Debug|Any CPU
		{65436D00-190A-4E63-A308-50805F295E4A}.Debug|Any CPU.Build.0 = Debug|Any CPU
		{65436D00-190A-4E63-A308-50805F295E4A}.Release|Any CPU.ActiveCfg = Release|Any CPU
		{65436D00-190A-4E63-A308-50805F295E4A}.Release|Any CPU.Build.0 = Release|Any CPU
		{28654443-EAB2-4EAB-8625-F0A473F35600}.Debug|Any CPU.ActiveCfg = Debug|Any CPU
		{28654443-EAB2-4EAB-8625-F0A473F35600}.Debug|Any CPU.Build.0 = Debug|Any CPU
		{28654443-EAB2-4EAB-8625-F0A473F35600}.Release|Any CPU.ActiveCfg = Release|Any CPU
		{28654443-EAB2-4EAB-8625-F0A473F35600}.Release|Any CPU.Build.0 = Release|Any CPU
		{4CA29FC3-D5E0-450B-9501-2938FA4038BE}.Debug|Any CPU.ActiveCfg = Debug|Any CPU
		{4CA29FC3-D5E0-450B-9501-2938FA4038BE}.Debug|Any CPU.Build.0 = Debug|Any CPU
		{4CA29FC3-D5E0-450B-9501-2938FA4038BE}.Release|Any CPU.ActiveCfg = Release|Any CPU
		{4CA29FC3-D5E0-450B-9501-2938FA4038BE}.Release|Any CPU.Build.0 = Release|Any CPU
		{67D9A4F1-69C0-47B5-A167-B8715D659F62}.Debug|Any CPU.ActiveCfg = Debug|Any CPU
		{67D9A4F1-69C0-47B5-A167-B8715D659F62}.Debug|Any CPU.Build.0 = Debug|Any CPU
		{67D9A4F1-69C0-47B5-A167-B8715D659F62}.Release|Any CPU.ActiveCfg = Release|Any CPU
		{67D9A4F1-69C0-47B5-A167-B8715D659F62}.Release|Any CPU.Build.0 = Release|Any CPU
		{B045102D-E580-4394-8B0A-59E0850A7961}.Debug|Any CPU.ActiveCfg = Debug|Any CPU
		{B045102D-E580-4394-8B0A-59E0850A7961}.Debug|Any CPU.Build.0 = Debug|Any CPU
		{B045102D-E580-4394-8B0A-59E0850A7961}.Release|Any CPU.ActiveCfg = Release|Any CPU
		{B045102D-E580-4394-8B0A-59E0850A7961}.Release|Any CPU.Build.0 = Release|Any CPU
		{E3D707A9-4517-4892-A9F1-6B049D4B5E00}.Debug|Any CPU.ActiveCfg = Debug|Any CPU
		{E3D707A9-4517-4892-A9F1-6B049D4B5E00}.Debug|Any CPU.Build.0 = Debug|Any CPU
		{E3D707A9-4517-4892-A9F1-6B049D4B5E00}.Release|Any CPU.ActiveCfg = Release|Any CPU
		{E3D707A9-4517-4892-A9F1-6B049D4B5E00}.Release|Any CPU.Build.0 = Release|Any CPU
	EndGlobalSection
	GlobalSection(SolutionProperties) = preSolution
		HideSolutionNode = FALSE
	EndGlobalSection
	GlobalSection(NestedProjects) = preSolution
		{BBD511AD-FC85-4023-A3E3-8E1E4E598934} = {7D9321BA-7B6F-4FFE-80E8-041A962C0C76}
		{72F51364-4D13-4FDB-ACE4-900569BEC030} = {7D9321BA-7B6F-4FFE-80E8-041A962C0C76}
		{0B906400-41E0-4737-AACF-36808C35FCEA} = {7D9321BA-7B6F-4FFE-80E8-041A962C0C76}
		{65436D00-190A-4E63-A308-50805F295E4A} = {7D9321BA-7B6F-4FFE-80E8-041A962C0C76}
		{28654443-EAB2-4EAB-8625-F0A473F35600} = {7D9321BA-7B6F-4FFE-80E8-041A962C0C76}
		{857EBC2A-8A73-4C09-8DED-D35E8C45B007} = {7D9321BA-7B6F-4FFE-80E8-041A962C0C76}
		{4CA29FC3-D5E0-450B-9501-2938FA4038BE} = {857EBC2A-8A73-4C09-8DED-D35E8C45B007}
		{67D9A4F1-69C0-47B5-A167-B8715D659F62} = {7D9321BA-7B6F-4FFE-80E8-041A962C0C76}
		{B045102D-E580-4394-8B0A-59E0850A7961} = {3CBB4CCB-3FA5-4E9E-9B67-89807395D930}
		{E3D707A9-4517-4892-A9F1-6B049D4B5E00} = {9337F8AA-A977-4FE5-B541-04BE071BCDCF}
	EndGlobalSection
EndGlobal
